github.com/ViBiOh/flags v1.3.1 h1:OHkGtVBPb6CpgWUST1VS9heKvHWBgwpyM8fXnuJRRVU=
github.com/ViBiOh/flags v1.3.1/go.mod h1:yQAIBf4HTymJDCF0Bl8QQHvQTr5uiUMQBa/A/ao1oM4=
github.com/ViBiOh/httputils/v4 v4.61.2 h1:9S1rTOTtgpPaPiPb4ueBmtgBmTq5NJIsJDGM1QF9Aec=
github.com/ViBiOh/httputils/v4 v4.61.2/go.mod h1:xbtVZWcINqxAjBvxzPbwnEbxlyDxpDRzlLuJV+L1hcU=
github.com/davecgh/go-spew v1.1.1 h1:vj9j/u1bqnvCEfJOwUhtlOARqs3+rkHYY13jYWTU97c=
github.com/pmezard/go-difflib v1.0.0 h1:4DBwDE0NGyQoBHbLQYPwSUPoCMWR5BEzIk/f1lZbAQM=
github.com/stretchr/testify v1.8.4 h1:CcVxjf3Q8PM0mHUKJCdn+eZZtm5yQwehR5yeSVQQcUk=
golang.org/x/sys v0.10.0 h1:SqMFp9UcQJZa+pmYuAKjd9xq1f0j5rLcDIk0mj4qAsA=
golang.org/x/sys v0.10.0/go.mod h1:oPkhp1MJrh7nUepCBck5+mAzfO9JrbApNNgaTdGDITg=
golang.org/x/term v0.10.0 h1:3R7pNqamzBraeqj/Tj8qt1aQ2HpmlC+Cx/qL/7hn4/c=
golang.org/x/term v0.10.0/go.mod h1:lpqdcUyK/oCiQxvxVrppt5ggO2KCZ5QblwqPnfZ6d5o=
gopkg.in/yaml.v3 v3.0.1 h1:fxVm/GzAzEWqLHuvctI91KS9hhNmmWOoWu0XTYJS7CA=
